# THIS IS AN AUTOGENERATED FILE. DO NOT EDIT THIS FILE DIRECTLY.
# yarn lockfile v1


"@babel/standalone@^7.15.7":
  "integrity" "sha512-1dPLi+eQEJE0g1GnUM0Ik2GcS5SMXivoxt6meQxQxGWEd/DCdSBRJClUVlQ25Vbqe49g1HG5Ej0ULhmsqtSMmg=="
  "resolved" "https://registry.npmjs.org/@babel/standalone/-/standalone-7.15.7.tgz"
  "version" "7.15.7"

"@vitejs/plugin-legacy@^1.6.1":
  "integrity" "sha512-isBi2ti+AlCZUpfA1P6L8gseltBy/qi6Rsi92aDzeL2elpwXgN4Hv/xLS2UUSSj9F0mFmxXCYPWlBPaJnlYamQ=="
  "resolved" "https://registry.npmjs.org/@vitejs/plugin-legacy/-/plugin-legacy-1.6.1.tgz"
  "version" "1.6.1"
  dependencies:
    "@babel/standalone" "^7.15.7"
    "core-js" "^3.18.1"
    "magic-string" "^0.25.7"
    "regenerator-runtime" "^0.13.9"
    "systemjs" "^6.10.3"

"core-js@^3.18.1":
  "integrity" "sha512-zNhPOUoSgoizoSQFdX1MeZO16ORRb9FFQLts8gSYbZU5FcgXhp24iMWMxnOQo5uIaIG7/6FA/IqJPwev1o9ZXQ=="
  "resolved" "https://registry.npmjs.org/core-js/-/core-js-3.18.2.tgz"
  "version" "3.18.2"

"esbuild-linux-64@0.13.4":
  "integrity" "sha512-+RnohAKiiUW4UHLGRkNR1AnENW1gCuDWuygEtd4jxTNPIoeC7lbXGor7rtgjj9AdUzFgOEvAXyNNX01kJ8NueQ=="
  "resolved" "https://registry.npmjs.org/esbuild-linux-64/-/esbuild-linux-64-0.13.4.tgz"
  "version" "0.13.4"

"esbuild@^0.13.2":
  "integrity" "sha512-wMA5eUwpavTBiNl+It6j8OQuKVh69l6z4DKDLzoTIqC+gChnPpcmqdA8WNHptUHRnfyML+mKEQPlW7Mybj8gHg=="
  "resolved" "https://registry.npmjs.org/esbuild/-/esbuild-0.13.4.tgz"
  "version" "0.13.4"
  optionalDependencies:
    "esbuild-android-arm64" "0.13.4"
    "esbuild-darwin-64" "0.13.4"
    "esbuild-darwin-arm64" "0.13.4"
    "esbuild-freebsd-64" "0.13.4"
    "esbuild-freebsd-arm64" "0.13.4"
    "esbuild-linux-32" "0.13.4"
    "esbuild-linux-64" "0.13.4"
    "esbuild-linux-arm" "0.13.4"
    "esbuild-linux-arm64" "0.13.4"
    "esbuild-linux-mips64le" "0.13.4"
    "esbuild-linux-ppc64le" "0.13.4"
    "esbuild-openbsd-64" "0.13.4"
    "esbuild-sunos-64" "0.13.4"
    "esbuild-windows-32" "0.13.4"
    "esbuild-windows-64" "0.13.4"
    "esbuild-windows-arm64" "0.13.4"

"eventemitter3@^3.1.2":
  "integrity" "sha512-tvtQIeLVHjDkJYnzf2dgVMxfuSGJeM/7UCG17TT4EumTfNtF+0nebF/4zWOIkCreAbtNqhGEboB6BWrwqNaw4Q=="
  "resolved" "https://registry.npmjs.org/eventemitter3/-/eventemitter3-3.1.2.tgz"
  "version" "3.1.2"

"eventemitter3@^4.0.7":
  "integrity" "sha512-8guHBZCwKnFhYdHr2ysuRWErTwhoN2X8XELRlrRwpmfeY2jjuUN4taQMsULKUVo1K4DvZl+0pgfyoysHxvmvEw=="
  "resolved" "https://registry.npmjs.org/eventemitter3/-/eventemitter3-4.0.7.tgz"
  "version" "4.0.7"

"function-bind@^1.1.1":
  "integrity" "sha512-yIovAzMX49sF8Yl58fSCWJ5svSLuaibPxXQJFLmBObTuCr0Mf1KiPopGM9NiFjiYBCbfaa2Fh6breQ6ANVTI0A=="
  "resolved" "https://registry.npmjs.org/function-bind/-/function-bind-1.1.1.tgz"
  "version" "1.1.1"

"has@^1.0.3":
  "integrity" "sha512-f2dvO0VU6Oej7RkWJGrehjbzMAjFp5/VKPp5tTpWIV4JHHZK1/BxbFRtf/siA2SWTe09caDmVtYYzWEIbBS4zw=="
  "resolved" "https://registry.npmjs.org/has/-/has-1.0.3.tgz"
  "version" "1.0.3"
  dependencies:
    "function-bind" "^1.1.1"

"inherits@2.0.3":
  "integrity" "sha1-Yzwsg+PaQqUC9SRmAiSA9CCCYd4="
  "resolved" "https://registry.npmjs.org/inherits/-/inherits-2.0.3.tgz"
  "version" "2.0.3"

"is-core-module@^2.2.0":
  "integrity" "sha512-ByY+tjCciCr+9nLryBYcSD50EOGWt95c7tIsKTG1J2ixKKXPvF7Ej3AVd+UfDydAJom3biBGDBALaO79ktwgEQ=="
  "resolved" "https://registry.npmjs.org/is-core-module/-/is-core-module-2.7.0.tgz"
  "version" "2.7.0"
  dependencies:
    "has" "^1.0.3"

"magic-string@^0.25.7":
  "integrity" "sha512-4CrMT5DOHTDk4HYDlzmwu4FVCcIYI8gauveasrdCu2IKIFOJ3f0v/8MDGJCDL9oD2ppz/Av1b0Nj345H9M+XIA=="
  "resolved" "https://registry.npmjs.org/magic-string/-/magic-string-0.25.7.tgz"
  "version" "0.25.7"
  dependencies:
    "sourcemap-codec" "^1.4.4"

"nanoid@^3.1.28":
  "integrity" "sha512-dW2pUSGZ8ZnCFIlBIA31SV8huOGCHb6OwzVCc7A69rb/a+SgPBwfmLvK5TKQ3INPbRkcI8a/Owo0XbiTNH19wg=="
  "resolved" "https://registry.npmjs.org/nanoid/-/nanoid-3.1.29.tgz"
  "version" "3.1.29"

"papaparse@^5.3.1":
  "integrity" "sha512-Dbt2yjLJrCwH2sRqKFFJaN5XgIASO9YOFeFP8rIBRG2Ain8mqk5r1M6DkfvqEVozVcz3r3HaUGw253hA1nLIcA=="
  "resolved" "https://registry.npmjs.org/papaparse/-/papaparse-5.3.1.tgz"
  "version" "5.3.1"

"path-parse@^1.0.6":
  "integrity" "sha512-LDJzPVEEEPR+y48z93A0Ed0yXb8pAByGWo/k5YYdYgpY2/2EsOsksJrq7lOHxryrVOn1ejG6oAp8ahvOIQD8sw=="
  "resolved" "https://registry.npmjs.org/path-parse/-/path-parse-1.0.7.tgz"
  "version" "1.0.7"

"path@^0.12.7":
  "integrity" "sha1-1NwqUGxM4hl+tIHr/NWzbAFAsQ8="
  "resolved" "https://registry.npmjs.org/path/-/path-0.12.7.tgz"
  "version" "0.12.7"
  dependencies:
    "process" "^0.11.1"
    "util" "^0.10.3"

"phaser@3.55.2":
  "integrity" "sha512-amKXsbb2Ht29dGPKvt1edq3yGGYKtq8373GpJYGKPNPnneYY6MtVTOgjHDuZwtmUyK4v86FugkT3hzW/N4tjxQ=="
  "resolved" "https://registry.npmjs.org/phaser/-/phaser-3.55.2.tgz"
  "version" "3.55.2"
  dependencies:
    "eventemitter3" "^4.0.7"
    "path" "^0.12.7"

"phaser3-rex-plugins@^1.1.65":
  "integrity" "sha512-shMAKA+pGAzm5uo3SNppFfquSO4sjZF+qs3ZFniJpJDS1yPriUUoZKz9RkfzzjDEJ6kuEOCd50fTKeDAjoApRg=="
  "resolved" "https://registry.npmjs.org/phaser3-rex-plugins/-/phaser3-rex-plugins-1.1.65.tgz"
  "version" "1.1.65"
  dependencies:
    "eventemitter3" "^3.1.2"
    "papaparse" "^5.3.1"
    "webfontloader" "^1.6.28"

"picocolors@^0.2.1":
  "integrity" "sha512-cMlDqaLEqfSaW8Z7N5Jw+lyIW869EzT73/F5lhtY9cLGoVxSXznfgfXMO0Z5K0o0Q2TkTXq+0KFsdnSe3jDViA=="
  "resolved" "https://registry.npmjs.org/picocolors/-/picocolors-0.2.1.tgz"
  "version" "0.2.1"

"postcss@^8.3.8":
  "integrity" "sha512-f/ZFyAKh9Dnqytx5X62jgjhhzttjZS7hMsohcI7HEI5tjELX/HxCy3EFhsRxyzGvrzFF+82XPvCS8T9TFleVJw=="
  "resolved" "https://registry.npmjs.org/postcss/-/postcss-8.3.9.tgz"
  "version" "8.3.9"
  dependencies:
    "nanoid" "^3.1.28"
    "picocolors" "^0.2.1"
    "source-map-js" "^0.6.2"

"process@^0.11.1":
  "integrity" "sha1-czIwDoQBYb2j5podHZGn1LwW8YI="
  "resolved" "https://registry.npmjs.org/process/-/process-0.11.10.tgz"
  "version" "0.11.10"

"regenerator-runtime@^0.13.9":
  "integrity" "sha512-p3VT+cOEgxFsRRA9X4lkI1E+k2/CtnKtU4gcxyaCUreilL/vqI6CdZ3wxVUx3UOUg+gnUOQQcRI7BmSI656MYA=="
  "resolved" "https://registry.npmjs.org/regenerator-runtime/-/regenerator-runtime-0.13.9.tgz"
  "version" "0.13.9"

"resolve@^1.20.0":
  "integrity" "sha512-wENBPt4ySzg4ybFQW2TT1zMQucPK95HSh/nq2CFTZVOGut2+pQvSsgtda4d26YrYcr067wjbmzOG8byDPBX63A=="
  "resolved" "https://registry.npmjs.org/resolve/-/resolve-1.20.0.tgz"
  "version" "1.20.0"
  dependencies:
    "is-core-module" "^2.2.0"
    "path-parse" "^1.0.6"

"rollup@^2.57.0":
  "integrity" "sha512-NOXpusKnaRpbS7ZVSzcEXqxcLDOagN6iFS8p45RkoiMqPHDLwJm758UF05KlMoCRbLBTZsPOIa887gZJ1AiXvw=="
  "resolved" "https://registry.npmjs.org/rollup/-/rollup-2.58.0.tgz"
  "version" "2.58.0"
  optionalDependencies:
    "fsevents" "~2.3.2"

"source-map-js@^0.6.2":
  "integrity" "sha512-/3GptzWzu0+0MBQFrDKzw/DvvMTUORvgY6k6jd/VS6iCR4RDTKWH6v6WPwQoUO8667uQEf9Oe38DxAYWY5F/Ug=="
  "resolved" "https://registry.npmjs.org/source-map-js/-/source-map-js-0.6.2.tgz"
  "version" "0.6.2"

"sourcemap-codec@^1.4.4":
  "integrity" "sha512-9NykojV5Uih4lgo5So5dtw+f0JgJX30KCNI8gwhz2J9A15wD0Ml6tjHKwf6fTSa6fAdVBdZeNOs9eJ71qCk8vA=="
  "resolved" "https://registry.npmjs.org/sourcemap-codec/-/sourcemap-codec-1.4.8.tgz"
  "version" "1.4.8"

"systemjs@^6.10.3":
  "integrity" "sha512-mXwfLJdaADqWg1J5+Z0bGQEdcXSe+ePPTfzffMB29aVls5cXveRl0vneSV/19t3SfuUBsAraLP8W/g5u9cmYXA=="
  "resolved" "https://registry.npmjs.org/systemjs/-/systemjs-6.10.3.tgz"
  "version" "6.10.3"

"typescript@^4.4.3":
  "integrity" "sha512-4xfscpisVgqqDfPaJo5vkd+Qd/ItkoagnHpufr+i2QCHBsNYp+G7UAoyFl8aPtx879u38wPV65rZ8qbGZijalA=="
  "resolved" "https://registry.npmjs.org/typescript/-/typescript-4.4.3.tgz"
  "version" "4.4.3"

"util@^0.10.3":
  "integrity" "sha512-0Pm9hTQ3se5ll1XihRic3FDIku70C+iHUdT/W926rSgHV5QgXsYbKZN8MSC3tJtSkhuROzvsQjAaFENRXr+19A=="
  "resolved" "https://registry.npmjs.org/util/-/util-0.10.4.tgz"
  "version" "0.10.4"
  dependencies:
    "inherits" "2.0.3"

"vite@^2.0.0", "vite@^2.6.3":
  "integrity" "sha512-mLiN4WR8zpmn04khhBf7YvC3FHrGhZt9S6xm53uDWgtYcUVNtV5LXHLI2Sc4SpL8jd/dsSIHzRxj7JTIu+MTDQ=="
  "resolved" "https://registry.npmjs.org/vite/-/vite-2.6.3.tgz"
  "version" "2.6.3"
  dependencies:
    "esbuild" "^0.13.2"
    "postcss" "^8.3.8"
    "resolve" "^1.20.0"
    "rollup" "^2.57.0"
  optionalDependencies:
    "fsevents" "~2.3.2"

"webfontloader@^1.6.28":
  "integrity" "sha1-23hhKSU8tujq5UwvsF+HCvZnW64="
  "resolved" "https://registry.npmjs.org/webfontloader/-/webfontloader-1.6.28.tgz"
  "version" "1.6.28"
